
Microsoft Visual Studio Solution File, Format Version 12.00
# Visual Studio Version 16
VisualStudioVersion = 16.0.33529.622
MinimumVisualStudioVersion = 10.0.40219.1
Project("{9A19103F-16F7-4668-BE54-9A1E7A4F7556}") = "StudentCRUD", "StudentCRUD\StudentCRUD.csproj", "{9CCA0B72-0B91-4772-AF0A-120959CCD39B}"
EndProject
Global
	GlobalSection(SolutionConfigurationPlatforms) = preSolution
		Debug|Any CPU = Debug|Any CPU
		Release|Any CPU = Release|Any CPU
	EndGlobalSection
	GlobalSection(ProjectConfigurationPlatforms) = postSolution
		{9CCA0B72-0B91-4772-AF0A-120959CCD39B}.Debug|Any CPU.ActiveCfg = Debug|Any CPU
		{9CCA0B72-0B91-4772-AF0A-120959CCD39B}.Debug|Any CPU.Build.0 = Debug|Any CPU
		{9CCA0B72-0B91-4772-AF0A-120959CCD39B}.Release|Any CPU.ActiveCfg = Release|Any CPU
		{9CCA0B72-0B91-4772-AF0A-120959CCD39B}.Release|Any CPU.Build.0 = Release|Any CPU
	EndGlobalSection
	GlobalSection(SolutionProperties) = preSolution
		HideSolutionNode = FALSE
	EndGlobalSection
	GlobalSection(ExtensibilityGlobals) = postSolution
		SolutionGuid = {A63EAB76-4604-4EDF-9868-C1F1E5F291EB}
	EndGlobalSection
EndGlobal
